
Microsoft Visual Studio Solution File, Format Version 12.00
# Visual Studio 15
VisualStudioVersion = 15.0.26124.0
MinimumVisualStudioVersion = 15.0.26124.0
Project("{FAE04EC0-301F-11D3-BF4B-00C04F79EFBC}") = "ReflectiveInjector.Core", "ReflectiveInjector.Core\ReflectiveInjector.Core.csproj", "{37087746-41E1-4F78-8231-506B8206DB12}"
EndProject
Project("{FAE04EC0-301F-11D3-BF4B-00C04F79EFBC}") = "ReflectiveInjector.Extensions", "ReflectiveInjector.Extensions\ReflectiveInjector.Extensions.csproj", "{315ACC80-72C4-45E6-851B-871995ED78C5}"
EndProject
Global
	GlobalSection(SolutionConfigurationPlatforms) = preSolution
		Debug|Any CPU = Debug|Any CPU
		Debug|x64 = Debug|x64
		Debug|x86 = Debug|x86
		Release|Any CPU = Release|Any CPU
		Release|x64 = Release|x64
		Release|x86 = Release|x86
	EndGlobalSection
	GlobalSection(SolutionProperties) = preSolution
		HideSolutionNode = FALSE
	EndGlobalSection
	GlobalSection(ProjectConfigurationPlatforms) = postSolution
		{37087746-41E1-4F78-8231-506B8206DB12}.Debug|Any CPU.ActiveCfg = Debug|Any CPU
		{37087746-41E1-4F78-8231-506B8206DB12}.Debug|Any CPU.Build.0 = Debug|Any CPU
		{37087746-41E1-4F78-8231-506B8206DB12}.Debug|x64.ActiveCfg = Debug|Any CPU
		{37087746-41E1-4F78-8231-506B8206DB12}.Debug|x64.Build.0 = Debug|Any CPU
		{37087746-41E1-4F78-8231-506B8206DB12}.Debug|x86.ActiveCfg = Debug|Any CPU
		{37087746-41E1-4F78-8231-506B8206DB12}.Debug|x86.Build.0 = Debug|Any CPU
		{37087746-41E1-4F78-8231-506B8206DB12}.Release|Any CPU.ActiveCfg = Release|Any CPU
		{37087746-41E1-4F78-8231-506B8206DB12}.Release|Any CPU.Build.0 = Release|Any CPU
		{37087746-41E1-4F78-8231-506B8206DB12}.Release|x64.ActiveCfg = Release|Any CPU
		{37087746-41E1-4F78-8231-506B8206DB12}.Release|x64.Build.0 = Release|Any CPU
		{37087746-41E1-4F78-8231-506B8206DB12}.Release|x86.ActiveCfg = Release|Any CPU
		{37087746-41E1-4F78-8231-506B8206DB12}.Release|x86.Build.0 = Release|Any CPU
		{315ACC80-72C4-45E6-851B-871995ED78C5}.Debug|Any CPU.ActiveCfg = Debug|Any CPU
		{315ACC80-72C4-45E6-851B-871995ED78C5}.Debug|Any CPU.Build.0 = Debug|Any CPU
		{315ACC80-72C4-45E6-851B-871995ED78C5}.Debug|x64.ActiveCfg = Debug|Any CPU
		{315ACC80-72C4-45E6-851B-871995ED78C5}.Debug|x64.Build.0 = Debug|Any CPU
		{315ACC80-72C4-45E6-851B-871995ED78C5}.Debug|x86.ActiveCfg = Debug|Any CPU
		{315ACC80-72C4-45E6-851B-871995ED78C5}.Debug|x86.Build.0 = Debug|Any CPU
		{315ACC80-72C4-45E6-851B-871995ED78C5}.Release|Any CPU.ActiveCfg = Release|Any CPU
		{315ACC80-72C4-45E6-851B-871995ED78C5}.Release|Any CPU.Build.0 = Release|Any CPU
		{315ACC80-72C4-45E6-851B-871995ED78C5}.Release|x64.ActiveCfg = Release|Any CPU
		{315ACC80-72C4-45E6-851B-871995ED78C5}.Release|x64.Build.0 = Release|Any CPU
		{315ACC80-72C4-45E6-851B-871995ED78C5}.Release|x86.ActiveCfg = Release|Any CPU
		{315ACC80-72C4-45E6-851B-871995ED78C5}.Release|x86.Build.0 = Release|Any CPU
	EndGlobalSection
EndGlobal
